{
  "name": "website",
  "lockfileVersion": 2,
  "requires": true,
  "packages": {
    "": {
      "dependencies": {
        "netlify-plugin-cecil-cache": "^0.2.0"
      }
    },
    "node_modules/netlify-plugin-cecil-cache": {
      "version": "0.2.4",
      "resolved": "https://registry.npmjs.org/netlify-plugin-cecil-cache/-/netlify-plugin-cecil-cache-0.2.4.tgz",
      "integrity": "sha512-0aWTs/LaI4N7sQUg293zHkHSBwZR/GTM37BC+492JmrJPaInO6KpFkkAkLT+YOZx7u0di62/LOXMXJk4JKDi5w=="
    }
  },
  "dependencies": {
    "netlify-plugin-cecil-cache": {
      "version": "0.2.4",
      "resolved": "https://registry.npmjs.org/netlify-plugin-cecil-cache/-/netlify-plugin-cecil-cache-0.2.4.tgz",
      "integrity": "sha512-0aWTs/LaI4N7sQUg293zHkHSBwZR/GTM37BC+492JmrJPaInO6KpFkkAkLT+YOZx7u0di62/LOXMXJk4JKDi5w=="
    }
  }
}
